
Microsoft Visual Studio Solution File, Format Version 12.00
# Visual Studio Version 17
VisualStudioVersion = 17.8.34330.188
MinimumVisualStudioVersion = 10.0.40219.1
Project("{FAE04EC0-301F-11D3-BF4B-00C04F79EFBC}") = "RejestrFaktur", "RejestrFaktur\RejestrFaktur.csproj", "{689328D9-2FA3-43FC-8CAF-5CE2805BED95}"
EndProject
Global
	GlobalSection(SolutionConfigurationPlatforms) = preSolution
		Debug|Any CPU = Debug|Any CPU
		Release|Any CPU = Release|Any CPU
	EndGlobalSection
	GlobalSection(ProjectConfigurationPlatforms) = postSolution
		{689328D9-2FA3-43FC-8CAF-5CE2805BED95}.Debug|Any CPU.ActiveCfg = Debug|Any CPU
		{689328D9-2FA3-43FC-8CAF-5CE2805BED95}.Debug|Any CPU.Build.0 = Debug|Any CPU
		{689328D9-2FA3-43FC-8CAF-5CE2805BED95}.Release|Any CPU.ActiveCfg = Release|Any CPU
		{689328D9-2FA3-43FC-8CAF-5CE2805BED95}.Release|Any CPU.Build.0 = Release|Any CPU
	EndGlobalSection
	GlobalSection(SolutionProperties) = preSolution
		HideSolutionNode = FALSE
	EndGlobalSection
	GlobalSection(ExtensibilityGlobals) = postSolution
		SolutionGuid = {AAAE5473-CD28-4A62-A6F8-7D70D5BBF733}
	EndGlobalSection
EndGlobal
